
Microsoft Visual Studio Solution File, Format Version 12.00
# Visual Studio Version 17
VisualStudioVersion = 17.10.35122.118
MinimumVisualStudioVersion = 10.0.40219.1
Project("{FAE04EC0-301F-11D3-BF4B-00C04F79EFBC}") = "UdemySignalR.Web", "UdemySignalR.Web\UdemySignalR.Web.csproj", "{AE08BC3C-6F84-423E-A37A-5EA3C783E5AB}"
EndProject
Global
	GlobalSection(SolutionConfigurationPlatforms) = preSolution
		Debug|Any CPU = Debug|Any CPU
		Release|Any CPU = Release|Any CPU
	EndGlobalSection
	GlobalSection(ProjectConfigurationPlatforms) = postSolution
		{AE08BC3C-6F84-423E-A37A-5EA3C783E5AB}.Debug|Any CPU.ActiveCfg = Debug|Any CPU
		{AE08BC3C-6F84-423E-A37A-5EA3C783E5AB}.Debug|Any CPU.Build.0 = Debug|Any CPU
		{AE08BC3C-6F84-423E-A37A-5EA3C783E5AB}.Release|Any CPU.ActiveCfg = Release|Any CPU
		{AE08BC3C-6F84-423E-A37A-5EA3C783E5AB}.Release|Any CPU.Build.0 = Release|Any CPU
	EndGlobalSection
	GlobalSection(SolutionProperties) = preSolution
		HideSolutionNode = FALSE
	EndGlobalSection
	GlobalSection(ExtensibilityGlobals) = postSolution
		SolutionGuid = {7501EF62-E0DC-4B12-8BC9-ECA979C4FF04}
	EndGlobalSection
EndGlobal
